
Microsoft Visual Studio Solution File, Format Version 12.00
# Visual Studio 2012
Project("{FAE04EC0-301F-11D3-BF4B-00C04F79EFBC}") = "BaseApi", "BaseApi\BaseApi.csproj", "{6F482163-3F51-487F-8F7D-37A1D4DAEA8B}"
EndProject
Project("{FAE04EC0-301F-11D3-BF4B-00C04F79EFBC}") = "BaseApi.Tests", "BaseApi.Tests\BaseApi.Tests.csproj", "{DE8E4E61-EB76-416B-8417-E8F2F6A0C0D3}"
EndProject
Global
	GlobalSection(SolutionConfigurationPlatforms) = preSolution
		Debug|Any CPU = Debug|Any CPU
		Release|Any CPU = Release|Any CPU
	EndGlobalSection
	GlobalSection(ProjectConfigurationPlatforms) = postSolution
		{6F482163-3F51-487F-8F7D-37A1D4DAEA8B}.Debug|Any CPU.ActiveCfg = Debug|Any CPU
		{6F482163-3F51-487F-8F7D-37A1D4DAEA8B}.Debug|Any CPU.Build.0 = Debug|Any CPU
		{6F482163-3F51-487F-8F7D-37A1D4DAEA8B}.Release|Any CPU.ActiveCfg = Release|Any CPU
		{6F482163-3F51-487F-8F7D-37A1D4DAEA8B}.Release|Any CPU.Build.0 = Release|Any CPU
		{DE8E4E61-EB76-416B-8417-E8F2F6A0C0D3}.Debug|Any CPU.ActiveCfg = Debug|Any CPU
		{DE8E4E61-EB76-416B-8417-E8F2F6A0C0D3}.Debug|Any CPU.Build.0 = Debug|Any CPU
		{DE8E4E61-EB76-416B-8417-E8F2F6A0C0D3}.Release|Any CPU.ActiveCfg = Release|Any CPU
		{DE8E4E61-EB76-416B-8417-E8F2F6A0C0D3}.Release|Any CPU.Build.0 = Release|Any CPU
	EndGlobalSection
EndGlobal
